
Microsoft Visual Studio Solution File, Format Version 12.00
# Visual Studio 15
VisualStudioVersion = 15.0.28010.2026
MinimumVisualStudioVersion = 10.0.40219.1
Project("{FAE04EC0-301F-11D3-BF4B-00C04F79EFBC}") = "WeatherStation", "WeatherStation\WeatherStation.csproj", "{35890CFA-4561-4AEA-9268-6734BF4114DC}"
EndProject
Project("{FAE04EC0-301F-11D3-BF4B-00C04F79EFBC}") = "WeatherStationApp", "WeatherStationApp\WeatherStationApp.csproj", "{849634D1-9466-4D85-8117-663E3D954181}"
EndProject
Project("{FAE04EC0-301F-11D3-BF4B-00C04F79EFBC}") = "WeatherStationTests", "WeatherStationTests\WeatherStationTests.csproj", "{349E22C2-1391-40B9-A060-EB396CA528A8}"
EndProject
Global
	GlobalSection(SolutionConfigurationPlatforms) = preSolution
		Debug|Any CPU = Debug|Any CPU
		Release|Any CPU = Release|Any CPU
	EndGlobalSection
	GlobalSection(ProjectConfigurationPlatforms) = postSolution
		{35890CFA-4561-4AEA-9268-6734BF4114DC}.Debug|Any CPU.ActiveCfg = Debug|Any CPU
		{35890CFA-4561-4AEA-9268-6734BF4114DC}.Debug|Any CPU.Build.0 = Debug|Any CPU
		{35890CFA-4561-4AEA-9268-6734BF4114DC}.Release|Any CPU.ActiveCfg = Release|Any CPU
		{35890CFA-4561-4AEA-9268-6734BF4114DC}.Release|Any CPU.Build.0 = Release|Any CPU
		{849634D1-9466-4D85-8117-663E3D954181}.Debug|Any CPU.ActiveCfg = Debug|Any CPU
		{849634D1-9466-4D85-8117-663E3D954181}.Debug|Any CPU.Build.0 = Debug|Any CPU
		{849634D1-9466-4D85-8117-663E3D954181}.Release|Any CPU.ActiveCfg = Release|Any CPU
		{849634D1-9466-4D85-8117-663E3D954181}.Release|Any CPU.Build.0 = Release|Any CPU
		{349E22C2-1391-40B9-A060-EB396CA528A8}.Debug|Any CPU.ActiveCfg = Debug|Any CPU
		{349E22C2-1391-40B9-A060-EB396CA528A8}.Debug|Any CPU.Build.0 = Debug|Any CPU
		{349E22C2-1391-40B9-A060-EB396CA528A8}.Release|Any CPU.ActiveCfg = Release|Any CPU
		{349E22C2-1391-40B9-A060-EB396CA528A8}.Release|Any CPU.Build.0 = Release|Any CPU
	EndGlobalSection
	GlobalSection(SolutionProperties) = preSolution
		HideSolutionNode = FALSE
	EndGlobalSection
	GlobalSection(ExtensibilityGlobals) = postSolution
		SolutionGuid = {5AAC3E8A-6FC4-40B4-A226-D7BE2A201CE1}
	EndGlobalSection
EndGlobal
