
Microsoft Visual Studio Solution File, Format Version 12.00
# Visual Studio 15
VisualStudioVersion = 15.0.28010.2046
MinimumVisualStudioVersion = 10.0.40219.1
Project("{FAE04EC0-301F-11D3-BF4B-00C04F79EFBC}") = "ExampleApp", "ExampleApp\ExampleApp.csproj", "{BDD6F3ED-0F94-402C-AAEE-335F972D6BB9}"
EndProject
Project("{FAE04EC0-301F-11D3-BF4B-00C04F79EFBC}") = "ExampleLib", "ExampleLib\ExampleLib.csproj", "{26327D6D-5294-427C-97D3-8DFD6C424D9B}"
EndProject
Project("{FAE04EC0-301F-11D3-BF4B-00C04F79EFBC}") = "SlideLib", "SlideLib\SlideLib.csproj", "{C641BEA5-A900-49AC-ADF6-C11952030316}"
EndProject
Global
	GlobalSection(SolutionConfigurationPlatforms) = preSolution
		Debug|Any CPU = Debug|Any CPU
		Release|Any CPU = Release|Any CPU
	EndGlobalSection
	GlobalSection(ProjectConfigurationPlatforms) = postSolution
		{BDD6F3ED-0F94-402C-AAEE-335F972D6BB9}.Debug|Any CPU.ActiveCfg = Debug|Any CPU
		{BDD6F3ED-0F94-402C-AAEE-335F972D6BB9}.Debug|Any CPU.Build.0 = Debug|Any CPU
		{BDD6F3ED-0F94-402C-AAEE-335F972D6BB9}.Release|Any CPU.ActiveCfg = Release|Any CPU
		{BDD6F3ED-0F94-402C-AAEE-335F972D6BB9}.Release|Any CPU.Build.0 = Release|Any CPU
		{26327D6D-5294-427C-97D3-8DFD6C424D9B}.Debug|Any CPU.ActiveCfg = Debug|Any CPU
		{26327D6D-5294-427C-97D3-8DFD6C424D9B}.Debug|Any CPU.Build.0 = Debug|Any CPU
		{26327D6D-5294-427C-97D3-8DFD6C424D9B}.Release|Any CPU.ActiveCfg = Release|Any CPU
		{26327D6D-5294-427C-97D3-8DFD6C424D9B}.Release|Any CPU.Build.0 = Release|Any CPU
		{C641BEA5-A900-49AC-ADF6-C11952030316}.Debug|Any CPU.ActiveCfg = Debug|Any CPU
		{C641BEA5-A900-49AC-ADF6-C11952030316}.Debug|Any CPU.Build.0 = Debug|Any CPU
		{C641BEA5-A900-49AC-ADF6-C11952030316}.Release|Any CPU.ActiveCfg = Release|Any CPU
		{C641BEA5-A900-49AC-ADF6-C11952030316}.Release|Any CPU.Build.0 = Release|Any CPU
	EndGlobalSection
	GlobalSection(SolutionProperties) = preSolution
		HideSolutionNode = FALSE
	EndGlobalSection
	GlobalSection(ExtensibilityGlobals) = postSolution
		SolutionGuid = {D89DB0B9-EA3C-4B85-8327-A268D034AFB0}
	EndGlobalSection
EndGlobal
