
Microsoft Visual Studio Solution File, Format Version 12.00
# Visual Studio 15
VisualStudioVersion = 15.0.28010.2046
MinimumVisualStudioVersion = 10.0.40219.1
Project("{FAE04EC0-301F-11D3-BF4B-00C04F79EFBC}") = "SlideLib", "SlideLib\SlideLib.csproj", "{BAFF5EFA-0F0A-4985-B41B-3E5B803849E9}"
EndProject
Global
	GlobalSection(SolutionConfigurationPlatforms) = preSolution
		Debug|Any CPU = Debug|Any CPU
		Release|Any CPU = Release|Any CPU
	EndGlobalSection
	GlobalSection(ProjectConfigurationPlatforms) = postSolution
		{BAFF5EFA-0F0A-4985-B41B-3E5B803849E9}.Debug|Any CPU.ActiveCfg = Debug|Any CPU
		{BAFF5EFA-0F0A-4985-B41B-3E5B803849E9}.Debug|Any CPU.Build.0 = Debug|Any CPU
		{BAFF5EFA-0F0A-4985-B41B-3E5B803849E9}.Release|Any CPU.ActiveCfg = Release|Any CPU
		{BAFF5EFA-0F0A-4985-B41B-3E5B803849E9}.Release|Any CPU.Build.0 = Release|Any CPU
	EndGlobalSection
	GlobalSection(SolutionProperties) = preSolution
		HideSolutionNode = FALSE
	EndGlobalSection
	GlobalSection(ExtensibilityGlobals) = postSolution
		SolutionGuid = {D89DB0B9-EA3C-4B85-8327-A268D034AFB0}
	EndGlobalSection
EndGlobal
